
Microsoft Visual Studio Solution File, Format Version 12.00
Project("{FAE04EC0-301F-11D3-BF4B-00C04F79EFBC}") = "API", "API\API.csproj", "{240B084E-4465-49ED-8CF0-4495656D0691}"
EndProject
Project("{FAE04EC0-301F-11D3-BF4B-00C04F79EFBC}") = "Tests", "Tests\Tests.csproj", "{87B08E63-6A79-4B11-9117-1810482F0EFF}"
EndProject
Global
	GlobalSection(SolutionConfigurationPlatforms) = preSolution
		Debug|Any CPU = Debug|Any CPU
		Release|Any CPU = Release|Any CPU
	EndGlobalSection
	GlobalSection(ProjectConfigurationPlatforms) = postSolution
		{240B084E-4465-49ED-8CF0-4495656D0691}.Debug|Any CPU.ActiveCfg = Debug|Any CPU
		{240B084E-4465-49ED-8CF0-4495656D0691}.Debug|Any CPU.Build.0 = Debug|Any CPU
		{240B084E-4465-49ED-8CF0-4495656D0691}.Release|Any CPU.ActiveCfg = Release|Any CPU
		{240B084E-4465-49ED-8CF0-4495656D0691}.Release|Any CPU.Build.0 = Release|Any CPU
		{87B08E63-6A79-4B11-9117-1810482F0EFF}.Debug|Any CPU.ActiveCfg = Debug|Any CPU
		{87B08E63-6A79-4B11-9117-1810482F0EFF}.Debug|Any CPU.Build.0 = Debug|Any CPU
		{87B08E63-6A79-4B11-9117-1810482F0EFF}.Release|Any CPU.ActiveCfg = Release|Any CPU
		{87B08E63-6A79-4B11-9117-1810482F0EFF}.Release|Any CPU.Build.0 = Release|Any CPU
	EndGlobalSection
EndGlobal
